
Microsoft Visual Studio Solution File, Format Version 12.00
# Visual Studio Version 16
VisualStudioVersion = 16.0.32413.511
MinimumVisualStudioVersion = 10.0.40219.1
Project("{9092AA53-FB77-4645-B42D-1CCCA6BD08BD}") = "relayer-fees-js", "relayer-fees-js.njsproj", "{C116536D-EBCE-4012-A364-84CD87661E12}"
EndProject
Global
	GlobalSection(SolutionConfigurationPlatforms) = preSolution
		Debug|Any CPU = Debug|Any CPU
		Release|Any CPU = Release|Any CPU
	EndGlobalSection
	GlobalSection(ProjectConfigurationPlatforms) = postSolution
		{C116536D-EBCE-4012-A364-84CD87661E12}.Debug|Any CPU.ActiveCfg = Debug|Any CPU
		{C116536D-EBCE-4012-A364-84CD87661E12}.Debug|Any CPU.Build.0 = Debug|Any CPU
		{C116536D-EBCE-4012-A364-84CD87661E12}.Release|Any CPU.ActiveCfg = Release|Any CPU
		{C116536D-EBCE-4012-A364-84CD87661E12}.Release|Any CPU.Build.0 = Release|Any CPU
	EndGlobalSection
	GlobalSection(SolutionProperties) = preSolution
		HideSolutionNode = FALSE
	EndGlobalSection
	GlobalSection(ExtensibilityGlobals) = postSolution
		SolutionGuid = {AE25F2BE-17BD-4AFA-BDC4-EDC61E5C7E20}
	EndGlobalSection
EndGlobal
